
Microsoft Visual Studio Solution File, Format Version 12.00
# Visual Studio 15
VisualStudioVersion = 15.0.27130.2036
MinimumVisualStudioVersion = 10.0.40219.1
Project("{FAE04EC0-301F-11D3-BF4B-00C04F79EFBC}") = "Program_Assignment_1", "Program_Assignment_1\Program_Assignment_1.csproj", "{D6896D7D-298D-4362-AA32-8D67BEF62B05}"
EndProject
Global
	GlobalSection(SolutionConfigurationPlatforms) = preSolution
		Debug|Any CPU = Debug|Any CPU
		Release|Any CPU = Release|Any CPU
	EndGlobalSection
	GlobalSection(ProjectConfigurationPlatforms) = postSolution
		{D6896D7D-298D-4362-AA32-8D67BEF62B05}.Debug|Any CPU.ActiveCfg = Debug|Any CPU
		{D6896D7D-298D-4362-AA32-8D67BEF62B05}.Debug|Any CPU.Build.0 = Debug|Any CPU
		{D6896D7D-298D-4362-AA32-8D67BEF62B05}.Release|Any CPU.ActiveCfg = Release|Any CPU
		{D6896D7D-298D-4362-AA32-8D67BEF62B05}.Release|Any CPU.Build.0 = Release|Any CPU
	EndGlobalSection
	GlobalSection(SolutionProperties) = preSolution
		HideSolutionNode = FALSE
	EndGlobalSection
	GlobalSection(ExtensibilityGlobals) = postSolution
		SolutionGuid = {87364C44-A074-4F18-9816-573768A30556}
	EndGlobalSection
EndGlobal
